# This file is automatically @generated by Cargo.
# It is not intended for manual editing.
version = 4

[[package]]
name = "libc"
version = "0.2.174"
source = "registry+https://github.com/rust-lang/crates.io-index"
checksum = "1171693293099992e19cddea4e8b849964e9846f4acee11b3948bcc337be8776"

[[package]]
name = "ndk-context"
version = "0.1.1"
source = "registry+https://github.com/rust-lang/crates.io-index"
checksum = "27b02d87554356db9e9a873add8782d4ea6e3e58ea071a9adb9a2e8ddb884a8b"

[[package]]
name = "openxr"
version = "0.21.1"
source = "registry+https://github.com/rust-lang/crates.io-index"
checksum = "2c2f814a47d257c79c762bc64042859661b6aa2f57cfa1f0ad4d778f419aeb0e"
dependencies = [
 "libc",
 "ndk-context",
 "openxr-sys",
]

[[package]]
name = "openxr-sys"
version = "0.13.1"
source = "registry+https://github.com/rust-lang/crates.io-index"
checksum = "4b8d66081de28c2fa40216182a37292fe38aeea20bc184612504d5e64daf5359"
dependencies = [
 "libc",
]

[[package]]
name = "openxr_mndx_xdev_space"
version = "0.1.1"
dependencies = [
 "openxr",
]
